// !$*UTF8*$!
{
	archiveVersion = 1;
	classes = {
	};
	objectVersion = 46;
	objects = {

/* Begin PBXBuildFile section */
		F0148A731F1A5A73003E7963 /* AppDelegate.swift in Sources */ = {isa = PBXBuildFile; fileRef = F0148A721F1A5A73003E7963 /* AppDelegate.swift */; };
		F0148A751F1A5A73003E7963 /* GameScene.sks in Resources */ = {isa = PBXBuildFile; fileRef = F0148A741F1A5A73003E7963 /* GameScene.sks */; };
		F0148A771F1A5A73003E7963 /* Actions.sks in Resources */ = {isa = PBXBuildFile; fileRef = F0148A761F1A5A73003E7963 /* Actions.sks */; };
		F0148A791F1A5A73003E7963 /* GameScene.swift in Sources */ = {isa = PBXBuildFile; fileRef = F0148A781F1A5A73003E7963 /* GameScene.swift */; };
		F0148A7B1F1A5A73003E7963 /* GameViewController.swift in Sources */ = {isa = PBXBuildFile; fileRef = F0148A7A1F1A5A73003E7963 /* GameViewController.swift */; };
		F0148A7E1F1A5A73003E7963 /* Main.storyboard in Resources */ = {isa = PBXBuildFile; fileRef = F0148A7C1F1A5A73003E7963 /* Main.storyboard */; };
		F0148A801F1A5A73003E7963 /* Assets.xcassets in Resources */ = {isa = PBXBuildFile; fileRef = F0148A7F1F1A5A73003E7963 /* Assets.xcassets */; };
		F0148A831F1A5A73003E7963 /* LaunchScreen.storyboard in Resources */ = {isa = PBXBuildFile; fileRef = F0148A811F1A5A73003E7963 /* LaunchScreen.storyboard */; };
		F0148A8F1F1A6263003E7963 /* backgroundMusic.mp3 in Resources */ = {isa = PBXBuildFile; fileRef = F0148A8A1F1A6263003E7963 /* backgroundMusic.mp3 */; };
		F0148A901F1A6263003E7963 /* lose.mp3 in Resources */ = {isa = PBXBuildFile; fileRef = F0148A8B1F1A6263003E7963 /* lose.mp3 */; };
		F0148A911F1A6263003E7963 /* mrreow.mp3 in Resources */ = {isa = PBXBuildFile; fileRef = F0148A8C1F1A6263003E7963 /* mrreow.mp3 */; };
		F0148A921F1A6263003E7963 /* pop.mp3 in Resources */ = {isa = PBXBuildFile; fileRef = F0148A8D1F1A6263003E7963 /* pop.mp3 */; };
		F0148A931F1A6263003E7963 /* win.mp3 in Resources */ = {isa = PBXBuildFile; fileRef = F0148A8E1F1A6263003E7963 /* win.mp3 */; };
		F0D535911F1ADDA8000A05B2 /* Cat.sks in Resources */ = {isa = PBXBuildFile; fileRef = F0D535901F1ADDA8000A05B2 /* Cat.sks */; };
		F0EBB0F21F1B1DBE004B9FDB /* CatCurl.sks in Resources */ = {isa = PBXBuildFile; fileRef = F0EBB0F11F1B1DBE004B9FDB /* CatCurl.sks */; };
		F0EBB0F41F1B1F0F004B9FDB /* CatWakeUp.sks in Resources */ = {isa = PBXBuildFile; fileRef = F0EBB0F31F1B1F0F004B9FDB /* CatWakeUp.sks */; };
/* End PBXBuildFile section */

/* Begin PBXFileReference section */
		F0148A6F1F1A5A73003E7963 /* CatNap.app */ = {isa = PBXFileReference; explicitFileType = wrapper.application; includeInIndex = 0; path = CatNap.app; sourceTree = BUILT_PRODUCTS_DIR; };
		F0148A721F1A5A73003E7963 /* AppDelegate.swift */ = {isa = PBXFileReference; lastKnownFileType = sourcecode.swift; path = AppDelegate.swift; sourceTree = "<group>"; };
		F0148A741F1A5A73003E7963 /* GameScene.sks */ = {isa = PBXFileReference; lastKnownFileType = file.sks; path = GameScene.sks; sourceTree = "<group>"; };
		F0148A761F1A5A73003E7963 /* Actions.sks */ = {isa = PBXFileReference; lastKnownFileType = file.sks; path = Actions.sks; sourceTree = "<group>"; };
		F0148A781F1A5A73003E7963 /* GameScene.swift */ = {isa = PBXFileReference; lastKnownFileType = sourcecode.swift; path = GameScene.swift; sourceTree = "<group>"; };
		F0148A7A1F1A5A73003E7963 /* GameViewController.swift */ = {isa = PBXFileReference; lastKnownFileType = sourcecode.swift; path = GameViewController.swift; sourceTree = "<group>"; };
		F0148A7D1F1A5A73003E7963 /* Base */ = {isa = PBXFileReference; lastKnownFileType = file.storyboard; name = Base; path = Base.lproj/Main.storyboard; sourceTree = "<group>"; };
		F0148A7F1F1A5A73003E7963 /* Assets.xcassets */ = {isa = PBXFileReference; lastKnownFileType = folder.assetcatalog; path = Assets.xcassets; sourceTree = "<group>"; };
		F0148A821F1A5A73003E7963 /* Base */ = {isa = PBXFileReference; lastKnownFileType = file.storyboard; name = Base; path = Base.lproj/LaunchScreen.storyboard; sourceTree = "<group>"; };
		F0148A841F1A5A73003E7963 /* Info.plist */ = {isa = PBXFileReference; lastKnownFileType = text.plist.xml; path = Info.plist; sourceTree = "<group>"; };
		F0148A8A1F1A6263003E7963 /* backgroundMusic.mp3 */ = {isa = PBXFileReference; lastKnownFileType = audio.mp3; path = backgroundMusic.mp3; sourceTree = "<group>"; };
		F0148A8B1F1A6263003E7963 /* lose.mp3 */ = {isa = PBXFileReference; lastKnownFileType = audio.mp3; path = lose.mp3; sourceTree = "<group>"; };
		F0148A8C1F1A6263003E7963 /* mrreow.mp3 */ = {isa = PBXFileReference; lastKnownFileType = audio.mp3; path = mrreow.mp3; sourceTree = "<group>"; };
		F0148A8D1F1A6263003E7963 /* pop.mp3 */ = {isa = PBXFileReference; lastKnownFileType = audio.mp3; path = pop.mp3; sourceTree = "<group>"; };
		F0148A8E1F1A6263003E7963 /* win.mp3 */ = {isa = PBXFileReference; lastKnownFileType = audio.mp3; path = win.mp3; sourceTree = "<group>"; };
		F0D535901F1ADDA8000A05B2 /* Cat.sks */ = {isa = PBXFileReference; lastKnownFileType = file.sks; path = Cat.sks; sourceTree = "<group>"; };
		F0EBB0F11F1B1DBE004B9FDB /* CatCurl.sks */ = {isa = PBXFileReference; lastKnownFileType = file.sks; path = CatCurl.sks; sourceTree = "<group>"; };
		F0EBB0F31F1B1F0F004B9FDB /* CatWakeUp.sks */ = {isa = PBXFileReference; lastKnownFileType = file.sks; path = CatWakeUp.sks; sourceTree = "<group>"; };
/* End PBXFileReference section */

/* Begin PBXFrameworksBuildPhase section */
		F0148A6C1F1A5A73003E7963 /* Frameworks */ = {
			isa = PBXFrameworksBuildPhase;
			buildActionMask = 2147483647;
			files = (
			);
			runOnlyForDeploymentPostprocessing = 0;
		};
/* End PBXFrameworksBuildPhase section */

/* Begin PBXGroup section */
		F0148A661F1A5A73003E7963 = {
			isa = PBXGroup;
			children = (
				F0148A711F1A5A73003E7963 /* CatNap */,
				F0148A701F1A5A73003E7963 /* Products */,
			);
			sourceTree = "<group>";
		};
		F0148A701F1A5A73003E7963 /* Products */ = {
			isa = PBXGroup;
			children = (
				F0148A6F1F1A5A73003E7963 /* CatNap.app */,
			);
			name = Products;
			sourceTree = "<group>";
		};
		F0148A711F1A5A73003E7963 /* CatNap */ = {
			isa = PBXGroup;
			children = (
				F0D5358F1F1ADD1E000A05B2 /* Scenes */,
				F0148A941F1A6268003E7963 /* Sounds */,
				F0148A721F1A5A73003E7963 /* AppDelegate.swift */,
				F0148A761F1A5A73003E7963 /* Actions.sks */,
				F0148A781F1A5A73003E7963 /* GameScene.swift */,
				F0148A7A1F1A5A73003E7963 /* GameViewController.swift */,
				F0148A7C1F1A5A73003E7963 /* Main.storyboard */,
				F0148A7F1F1A5A73003E7963 /* Assets.xcassets */,
				F0148A811F1A5A73003E7963 /* LaunchScreen.storyboard */,
				F0148A841F1A5A73003E7963 /* Info.plist */,
			);
			path = CatNap;
			sourceTree = "<group>";
		};
		F0148A941F1A6268003E7963 /* Sounds */ = {
			isa = PBXGroup;
			children = (
				F0148A8A1F1A6263003E7963 /* backgroundMusic.mp3 */,
				F0148A8B1F1A6263003E7963 /* lose.mp3 */,
				F0148A8C1F1A6263003E7963 /* mrreow.mp3 */,
				F0148A8D1F1A6263003E7963 /* pop.mp3 */,
				F0148A8E1F1A6263003E7963 /* win.mp3 */,
			);
			name = Sounds;
			sourceTree = "<group>";
		};
		F0D5358F1F1ADD1E000A05B2 /* Scenes */ = {
			isa = PBXGroup;
			children = (
				F0148A741F1A5A73003E7963 /* GameScene.sks */,
				F0D535901F1ADDA8000A05B2 /* Cat.sks */,
				F0EBB0F11F1B1DBE004B9FDB /* CatCurl.sks */,
				F0EBB0F31F1B1F0F004B9FDB /* CatWakeUp.sks */,
			);
			name = Scenes;
			sourceTree = "<group>";
		};
/* End PBXGroup section */

/* Begin PBXNativeTarget section */
		F0148A6E1F1A5A73003E7963 /* CatNap */ = {
			isa = PBXNativeTarget;
			buildConfigurationList = F0148A871F1A5A73003E7963 /* Build configuration list for PBXNativeTarget "CatNap" */;
			buildPhases = (
				F0148A6B1F1A5A73003E7963 /* Sources */,
				F0148A6C1F1A5A73003E7963 /* Frameworks */,
				F0148A6D1F1A5A73003E7963 /* Resources */,
			);
			buildRules = (
			);
			dependencies = (
			);
			name = CatNap;
			productName = CatNap;
			productReference = F0148A6F1F1A5A73003E7963 /* CatNap.app */;
			productType = "com.apple.product-type.application";
		};
/* End PBXNativeTarget section */

/* Begin PBXProject section */
		F0148A671F1A5A73003E7963 /* Project object */ = {
			isa = PBXProject;
			attributes = {
				LastSwiftUpdateCheck = 0830;
				LastUpgradeCheck = 0830;
				ORGANIZATIONNAME = "Bullfrog Development Studio";
				TargetAttributes = {
					F0148A6E1F1A5A73003E7963 = {
						CreatedOnToolsVersion = 8.3.1;
						DevelopmentTeam = LNHLG9FY3S;
						ProvisioningStyle = Automatic;
					};
				};
			};
			buildConfigurationList = F0148A6A1F1A5A73003E7963 /* Build configuration list for PBXProject "CatNap" */;
			compatibilityVersion = "Xcode 3.2";
			developmentRegion = English;
			hasScannedForEncodings = 0;
			knownRegions = (
				en,
				Base,
			);
			mainGroup = F0148A661F1A5A73003E7963;
			productRefGroup = F0148A701F1A5A73003E7963 /* Products */;
			projectDirPath = "";
			projectRoot = "";
			targets = (
				F0148A6E1F1A5A73003E7963 /* CatNap */,
			);
		};
/* End PBXProject section */

/* Begin PBXResourcesBuildPhase section */
		F0148A6D1F1A5A73003E7963 /* Resources */ = {
			isa = PBXResourcesBuildPhase;
			buildActionMask = 2147483647;
			files = (
				F0148A7E1F1A5A73003E7963 /* Main.storyboard in Resources */,
				F0148A751F1A5A73003E7963 /* GameScene.sks in Resources */,
				F0148A8F1F1A6263003E7963 /* backgroundMusic.mp3 in Resources */,
				F0148A921F1A6263003E7963 /* pop.mp3 in Resources */,
				F0EBB0F41F1B1F0F004B9FDB /* CatWakeUp.sks in Resources */,
				F0EBB0F21F1B1DBE004B9FDB /* CatCurl.sks in Resources */,
				F0148A801F1A5A73003E7963 /* Assets.xcassets in Resources */,
				F0148A931F1A6263003E7963 /* win.mp3 in Resources */,
				F0148A911F1A6263003E7963 /* mrreow.mp3 in Resources */,
				F0148A901F1A6263003E7963 /* lose.mp3 in Resources */,
				F0148A831F1A5A73003E7963 /* LaunchScreen.storyboard in Resources */,
				F0148A771F1A5A73003E7963 /* Actions.sks in Resources */,
				F0D535911F1ADDA8000A05B2 /* Cat.sks in Resources */,
			);
			runOnlyForDeploymentPostprocessing = 0;
		};
/* End PBXResourcesBuildPhase section */

/* Begin PBXSourcesBuildPhase section */
		F0148A6B1F1A5A73003E7963 /* Sources */ = {
			isa = PBXSourcesBuildPhase;
			buildActionMask = 2147483647;
			files = (
				F0148A791F1A5A73003E7963 /* GameScene.swift in Sources */,
				F0148A7B1F1A5A73003E7963 /* GameViewController.swift in Sources */,
				F0148A731F1A5A73003E7963 /* AppDelegate.swift in Sources */,
			);
			runOnlyForDeploymentPostprocessing = 0;
		};
/* End PBXSourcesBuildPhase section */

/* Begin PBXVariantGroup section */
		F0148A7C1F1A5A73003E7963 /* Main.storyboard */ = {
			isa = PBXVariantGroup;
			children = (
				F0148A7D1F1A5A73003E7963 /* Base */,
			);
			name = Main.storyboard;
			sourceTree = "<group>";
		};
		F0148A811F1A5A73003E7963 /* LaunchScreen.storyboard */ = {
			isa = PBXVariantGroup;
			children = (
				F0148A821F1A5A73003E7963 /* Base */,
			);
			name = LaunchScreen.storyboard;
			sourceTree = "<group>";
		};
/* End PBXVariantGroup section */

/* Begin XCBuildConfiguration section */
		F0148A851F1A5A73003E7963 /* Debug */ = {
			isa = XCBuildConfiguration;
			buildSettings = {
				ALWAYS_SEARCH_USER_PATHS = NO;
				CLANG_ANALYZER_NONNULL = YES;
				CLANG_ANALYZER_NUMBER_OBJECT_CONVERSION = YES_AGGRESSIVE;
				CLANG_CXX_LANGUAGE_STANDARD = "gnu++0x";
				CLANG_CXX_LIBRARY = "libc++";
				CLANG_ENABLE_MODULES = YES;
				CLANG_ENABLE_OBJC_ARC = YES;
				CLANG_WARN_BOOL_CONVERSION = YES;
				CLANG_WARN_CONSTANT_CONVERSION = YES;
				CLANG_WARN_DIRECT_OBJC_ISA_USAGE = YES_ERROR;
				CLANG_WARN_DOCUMENTATION_COMMENTS = YES;
				CLANG_WARN_EMPTY_BODY = YES;
				CLANG_WARN_ENUM_CONVERSION = YES;
				CLANG_WARN_INFINITE_RECURSION = YES;
				CLANG_WARN_INT_CONVERSION = YES;
				CLANG_WARN_OBJC_ROOT_CLASS = YES_ERROR;
				CLANG_WARN_SUSPICIOUS_MOVE = YES;
				CLANG_WARN_UNREACHABLE_CODE = YES;
				CLANG_WARN__DUPLICATE_METHOD_MATCH = YES;
				"CODE_SIGN_IDENTITY[sdk=iphoneos*]" = "iPhone Developer";
				COPY_PHASE_STRIP = NO;
				DEBUG_INFORMATION_FORMAT = dwarf;
				ENABLE_STRICT_OBJC_MSGSEND = YES;
				ENABLE_TESTABILITY = YES;
				GCC_C_LANGUAGE_STANDARD = gnu99;
				GCC_DYNAMIC_NO_PIC = NO;
				GCC_NO_COMMON_BLOCKS = YES;
				GCC_OPTIMIZATION_LEVEL = 0;
				GCC_PREPROCESSOR_DEFINITIONS = (
					"DEBUG=1",
					"$(inherited)",
				);
				GCC_WARN_64_TO_32_BIT_CONVERSION = YES;
				GCC_WARN_ABOUT_RETURN_TYPE = YES_ERROR;
				GCC_WARN_UNDECLARED_SELECTOR = YES;
				GCC_WARN_UNINITIALIZED_AUTOS = YES_AGGRESSIVE;
				GCC_WARN_UNUSED_FUNCTION = YES;
				GCC_WARN_UNUSED_VARIABLE = YES;
				IPHONEOS_DEPLOYMENT_TARGET = 10.3;
				MTL_ENABLE_DEBUG_INFO = YES;
				ONLY_ACTIVE_ARCH = YES;
				SDKROOT = iphoneos;
				SWIFT_ACTIVE_COMPILATION_CONDITIONS = DEBUG;
				SWIFT_OPTIMIZATION_LEVEL = "-Onone";
				TARGETED_DEVICE_FAMILY = "1,2";
			};
			name = Debug;
		};
		F0148A861F1A5A73003E7963 /* Release */ = {
			isa = XCBuildConfiguration;
			buildSettings = {
				ALWAYS_SEARCH_USER_PATHS = NO;
				CLANG_ANALYZER_NONNULL = YES;
				CLANG_ANALYZER_NUMBER_OBJECT_CONVERSION = YES_AGGRESSIVE;
				CLANG_CXX_LANGUAGE_STANDARD = "gnu++0x";
				CLANG_CXX_LIBRARY = "libc++";
				CLANG_ENABLE_MODULES = YES;
				CLANG_ENABLE_OBJC_ARC = YES;
				CLANG_WARN_BOOL_CONVERSION = YES;
				CLANG_WARN_CONSTANT_CONVERSION = YES;
				CLANG_WARN_DIRECT_OBJC_ISA_USAGE = YES_ERROR;
				CLANG_WARN_DOCUMENTATION_COMMENTS = YES;
				CLANG_WARN_EMPTY_BODY = YES;
				CLANG_WARN_ENUM_CONVERSION = YES;
				CLANG_WARN_INFINITE_RECURSION = YES;
				CLANG_WARN_INT_CONVERSION = YES;
				CLANG_WARN_OBJC_ROOT_CLASS = YES_ERROR;
				CLANG_WARN_SUSPICIOUS_MOVE = YES;
				CLANG_WARN_UNREACHABLE_CODE = YES;
				CLANG_WARN__DUPLICATE_METHOD_MATCH = YES;
				"CODE_SIGN_IDENTITY[sdk=iphoneos*]" = "iPhone Developer";
				COPY_PHASE_STRIP = NO;
				DEBUG_INFORMATION_FORMAT = "dwarf-with-dsym";
				ENABLE_NS_ASSERTIONS = NO;
				ENABLE_STRICT_OBJC_MSGSEND = YES;
				GCC_C_LANGUAGE_STANDARD = gnu99;
				GCC_NO_COMMON_BLOCKS = YES;
				GCC_WARN_64_TO_32_BIT_CONVERSION = YES;
				GCC_WARN_ABOUT_RETURN_TYPE = YES_ERROR;
				GCC_WARN_UNDECLARED_SELECTOR = YES;
				GCC_WARN_UNINITIALIZED_AUTOS = YES_AGGRESSIVE;
				GCC_WARN_UNUSED_FUNCTION = YES;
				GCC_WARN_UNUSED_VARIABLE = YES;
				IPHONEOS_DEPLOYMENT_TARGET = 10.3;
				MTL_ENABLE_DEBUG_INFO = NO;
				SDKROOT = iphoneos;
				SWIFT_OPTIMIZATION_LEVEL = "-Owholemodule";
				TARGETED_DEVICE_FAMILY = "1,2";
				VALIDATE_PRODUCT = YES;
			};
			name = Release;
		};
		F0148A881F1A5A73003E7963 /* Debug */ = {
			isa = XCBuildConfiguration;
			buildSettings = {
				ASSETCATALOG_COMPILER_APPICON_NAME = AppIcon;
				DEVELOPMENT_TEAM = LNHLG9FY3S;
				INFOPLIST_FILE = CatNap/Info.plist;
				LD_RUNPATH_SEARCH_PATHS = "$(inherited) @executable_path/Frameworks";
				PRODUCT_BUNDLE_IDENTIFIER = com.bullfrogdevstudio.CatNap;
				PRODUCT_NAME = "$(TARGET_NAME)";
				SWIFT_VERSION = 3.0;
			};
			name = Debug;
		};
		F0148A891F1A5A73003E7963 /* Release */ = {
			isa = XCBuildConfiguration;
			buildSettings = {
				ASSETCATALOG_COMPILER_APPICON_NAME = AppIcon;
				DEVELOPMENT_TEAM = LNHLG9FY3S;
				INFOPLIST_FILE = CatNap/Info.plist;
				LD_RUNPATH_SEARCH_PATHS = "$(inherited) @executable_path/Frameworks";
				PRODUCT_BUNDLE_IDENTIFIER = com.bullfrogdevstudio.CatNap;
				PRODUCT_NAME = "$(TARGET_NAME)";
				SWIFT_VERSION = 3.0;
			};
			name = Release;
		};
/* End XCBuildConfiguration section */

/* Begin XCConfigurationList section */
		F0148A6A1F1A5A73003E7963 /* Build configuration list for PBXProject "CatNap" */ = {
			isa = XCConfigurationList;
			buildConfigurations = (
				F0148A851F1A5A73003E7963 /* Debug */,
				F0148A861F1A5A73003E7963 /* Release */,
			);
			defaultConfigurationIsVisible = 0;
			defaultConfigurationName = Release;
		};
		F0148A871F1A5A73003E7963 /* Build configuration list for PBXNativeTarget "CatNap" */ = {
			isa = XCConfigurationList;
			buildConfigurations = (
				F0148A881F1A5A73003E7963 /* Debug */,
				F0148A891F1A5A73003E7963 /* Release */,
			);
			defaultConfigurationIsVisible = 0;
			defaultConfigurationName = Release;
		};
/* End XCConfigurationList section */
	};
	rootObject = F0148A671F1A5A73003E7963 /* Project object */;
}
